// !$*UTF8*$!
{
	archiveVersion = 1;
	classes = {
	};
	objectVersion = 60;
	objects = {

/* Begin PBXBuildFile section */
		000000000000000000000101 /* ScaleBenchApp.swift in Sources */ = {isa = PBXBuildFile; fileRef = 000000000000000000000001 /* ScaleBenchApp.swift */; };
		000000000000000000000102 /* ContentView.swift in Sources */ = {isa = PBXBuildFile; fileRef = 000000000000000000000002 /* ContentView.swift */; };
		000000000000000000000103 /* BluetoothScaleManager.swift in Sources */ = {isa = PBXBuildFile; fileRef = 000000000000000000000003 /* BluetoothScaleManager.swift */; };
		000000000000000000000104 /* ScaleProtocolModels.swift in Sources */ = {isa = PBXBuildFile; fileRef = 000000000000000000000004 /* ScaleProtocolModels.swift */; };
		000000000000000000000105 /* BookooParser.swift in Sources */ = {isa = PBXBuildFile; fileRef = 000000000000000000000005 /* BookooParser.swift */; };
		000000000000000000000106 /* WeighMyBruParser.swift in Sources */ = {isa = PBXBuildFile; fileRef = 000000000000000000000006 /* WeighMyBruParser.swift */; };
		000000000000000000000109 /* AdditionalScaleParsers.swift in Sources */ = {isa = PBXBuildFile; fileRef = 000000000000000000000012 /* AdditionalScaleParsers.swift */; };
		000000000000000000000114 /* SampleRecordingFactory.swift in Sources */ = {isa = PBXBuildFile; fileRef = 000000000000000000000017 /* SampleRecordingFactory.swift */; };
		000000000000000000000107 /* ScaleQualityAnalyzer.swift in Sources */ = {isa = PBXBuildFile; fileRef = 000000000000000000000007 /* ScaleQualityAnalyzer.swift */; };
		000000000000000000000108 /* RecordingExporter.swift in Sources */ = {isa = PBXBuildFile; fileRef = 000000000000000000000008 /* RecordingExporter.swift */; };
		000000000000000000000112 /* ScoringProfileStore.swift in Sources */ = {isa = PBXBuildFile; fileRef = 000000000000000000000015 /* ScoringProfileStore.swift */; };
		000000000000000000000113 /* ScoreCardExporter.swift in Sources */ = {isa = PBXBuildFile; fileRef = 000000000000000000000016 /* ScoreCardExporter.swift */; };
		000000000000000000000115 /* SharedHelpContent.swift in Sources */ = {isa = PBXBuildFile; fileRef = 000000000000000000000018 /* SharedHelpContent.swift */; };
		000000000000000000000118 /* ChartAnalysis.swift in Sources */ = {isa = PBXBuildFile; fileRef = 000000000000000000000021 /* ChartAnalysis.swift */; };
		000000000000000000000119 /* SharedRecordingPayload.swift in Sources */ = {isa = PBXBuildFile; fileRef = 000000000000000000000022 /* SharedRecordingPayload.swift */; };
		000000000000000000000120 /* OfficialScorecardPayload.swift in Sources */ = {isa = PBXBuildFile; fileRef = 000000000000000000000023 /* OfficialScorecardPayload.swift */; };
		000000000000000000000121 /* OfficialAnalysisPayload.swift in Sources */ = {isa = PBXBuildFile; fileRef = 000000000000000000000024 /* OfficialAnalysisPayload.swift */; };
		000000000000000000000122 /* PacketFieldDecoder.swift in Sources */ = {isa = PBXBuildFile; fileRef = 000000000000000000000025 /* PacketFieldDecoder.swift */; };
		000000000000000000000123 /* WMBPlusUSBSerialParser.swift in Sources */ = {isa = PBXBuildFile; fileRef = 000000000000000000000026 /* WMBPlusUSBSerialParser.swift */; };
		000000000000000000000124 /* WMBPlusUSBSerialManager.swift in Sources */ = {isa = PBXBuildFile; fileRef = 000000000000000000000027 /* WMBPlusUSBSerialManager.swift */; };
		000000000000000000000201 /* ScaleBenchTests.swift in Sources */ = {isa = PBXBuildFile; fileRef = 000000000000000000000009 /* ScaleBenchTests.swift */; };
		000000000000000000000111 /* Assets.xcassets in Resources */ = {isa = PBXBuildFile; fileRef = 000000000000000000000014 /* Assets.xcassets */; };
		000000000000000000000116 /* help-content.json in Resources */ = {isa = PBXBuildFile; fileRef = 000000000000000000000019 /* help-content.json */; };
		000000000000000000000117 /* vectors in Resources */ = {isa = PBXBuildFile; fileRef = 000000000000000000000020 /* vectors */; };
/* End PBXBuildFile section */

/* Begin PBXContainerItemProxy section */
		000000000000000000000301 /* PBXContainerItemProxy */ = {
			isa = PBXContainerItemProxy;
			containerPortal = 000000000000000000000400 /* Project object */;
			proxyType = 1;
			remoteGlobalIDString = 000000000000000000000501;
			remoteInfo = ScaleBench;
		};
/* End PBXContainerItemProxy section */

/* Begin PBXFileReference section */
		000000000000000000000001 /* ScaleBenchApp.swift */ = {isa = PBXFileReference; lastKnownFileType = sourcecode.swift; path = ScaleBenchApp.swift; sourceTree = "<group>"; };
		000000000000000000000002 /* ContentView.swift */ = {isa = PBXFileReference; lastKnownFileType = sourcecode.swift; path = ContentView.swift; sourceTree = "<group>"; };
		000000000000000000000003 /* BluetoothScaleManager.swift */ = {isa = PBXFileReference; lastKnownFileType = sourcecode.swift; path = BluetoothScaleManager.swift; sourceTree = "<group>"; };
		000000000000000000000004 /* ScaleProtocolModels.swift */ = {isa = PBXFileReference; lastKnownFileType = sourcecode.swift; path = ScaleProtocolModels.swift; sourceTree = "<group>"; };
		000000000000000000000005 /* BookooParser.swift */ = {isa = PBXFileReference; lastKnownFileType = sourcecode.swift; path = BookooParser.swift; sourceTree = "<group>"; };
		000000000000000000000006 /* WeighMyBruParser.swift */ = {isa = PBXFileReference; lastKnownFileType = sourcecode.swift; path = WeighMyBruParser.swift; sourceTree = "<group>"; };
		000000000000000000000012 /* AdditionalScaleParsers.swift */ = {isa = PBXFileReference; lastKnownFileType = sourcecode.swift; path = AdditionalScaleParsers.swift; sourceTree = "<group>"; };
		000000000000000000000007 /* ScaleQualityAnalyzer.swift */ = {isa = PBXFileReference; lastKnownFileType = sourcecode.swift; path = ScaleQualityAnalyzer.swift; sourceTree = "<group>"; };
		000000000000000000000008 /* RecordingExporter.swift */ = {isa = PBXFileReference; lastKnownFileType = sourcecode.swift; path = RecordingExporter.swift; sourceTree = "<group>"; };
		000000000000000000000009 /* ScaleBenchTests.swift */ = {isa = PBXFileReference; lastKnownFileType = sourcecode.swift; path = ScaleBenchTests.swift; sourceTree = "<group>"; };
		000000000000000000000010 /* ScaleBench.app */ = {isa = PBXFileReference; explicitFileType = wrapper.application; includeInIndex = 0; path = ScaleBench.app; sourceTree = BUILT_PRODUCTS_DIR; };
		000000000000000000000011 /* ScaleBenchTests.xctest */ = {isa = PBXFileReference; explicitFileType = wrapper.cfbundle; includeInIndex = 0; path = ScaleBenchTests.xctest; sourceTree = BUILT_PRODUCTS_DIR; };
		000000000000000000000013 /* ScaleBenchMac.entitlements */ = {isa = PBXFileReference; lastKnownFileType = text.plist.entitlements; path = ScaleBenchMac.entitlements; sourceTree = "<group>"; };
		000000000000000000000014 /* Assets.xcassets */ = {isa = PBXFileReference; lastKnownFileType = folder.assetcatalog; path = Assets.xcassets; sourceTree = "<group>"; };
		000000000000000000000015 /* ScoringProfileStore.swift */ = {isa = PBXFileReference; lastKnownFileType = sourcecode.swift; path = ScoringProfileStore.swift; sourceTree = "<group>"; };
		000000000000000000000016 /* ScoreCardExporter.swift */ = {isa = PBXFileReference; lastKnownFileType = sourcecode.swift; path = ScoreCardExporter.swift; sourceTree = "<group>"; };
		000000000000000000000017 /* SampleRecordingFactory.swift */ = {isa = PBXFileReference; lastKnownFileType = sourcecode.swift; path = SampleRecordingFactory.swift; sourceTree = "<group>"; };
		000000000000000000000018 /* SharedHelpContent.swift */ = {isa = PBXFileReference; lastKnownFileType = sourcecode.swift; path = SharedHelpContent.swift; sourceTree = "<group>"; };
		000000000000000000000019 /* help-content.json */ = {isa = PBXFileReference; lastKnownFileType = text.json; path = "shared/help-content.json"; sourceTree = SOURCE_ROOT; };
		000000000000000000000020 /* vectors */ = {isa = PBXFileReference; lastKnownFileType = folder; path = scoring/vectors; sourceTree = SOURCE_ROOT; };
		000000000000000000000021 /* ChartAnalysis.swift */ = {isa = PBXFileReference; lastKnownFileType = sourcecode.swift; path = ChartAnalysis.swift; sourceTree = "<group>"; };
		000000000000000000000022 /* SharedRecordingPayload.swift */ = {isa = PBXFileReference; lastKnownFileType = sourcecode.swift; path = SharedRecordingPayload.swift; sourceTree = "<group>"; };
		000000000000000000000023 /* OfficialScorecardPayload.swift */ = {isa = PBXFileReference; lastKnownFileType = sourcecode.swift; path = OfficialScorecardPayload.swift; sourceTree = "<group>"; };
		000000000000000000000024 /* OfficialAnalysisPayload.swift */ = {isa = PBXFileReference; lastKnownFileType = sourcecode.swift; path = OfficialAnalysisPayload.swift; sourceTree = "<group>"; };
		000000000000000000000025 /* PacketFieldDecoder.swift */ = {isa = PBXFileReference; lastKnownFileType = sourcecode.swift; path = PacketFieldDecoder.swift; sourceTree = "<group>"; };
		000000000000000000000026 /* WMBPlusUSBSerialParser.swift */ = {isa = PBXFileReference; lastKnownFileType = sourcecode.swift; path = WMBPlusUSBSerialParser.swift; sourceTree = "<group>"; };
		000000000000000000000027 /* WMBPlusUSBSerialManager.swift */ = {isa = PBXFileReference; lastKnownFileType = sourcecode.swift; path = WMBPlusUSBSerialManager.swift; sourceTree = "<group>"; };
/* End PBXFileReference section */

/* Begin PBXFrameworksBuildPhase section */
		000000000000000000000601 /* Frameworks */ = {
			isa = PBXFrameworksBuildPhase;
			buildActionMask = 2147483647;
			files = (
			);
			runOnlyForDeploymentPostprocessing = 0;
		};
		000000000000000000000602 /* Frameworks */ = {
			isa = PBXFrameworksBuildPhase;
			buildActionMask = 2147483647;
			files = (
			);
			runOnlyForDeploymentPostprocessing = 0;
		};
/* End PBXFrameworksBuildPhase section */

/* Begin PBXGroup section */
		000000000000000000000700 = {
			isa = PBXGroup;
			children = (
				000000000000000000000701 /* ScaleBench */,
				000000000000000000000702 /* ScaleBenchTests */,
				000000000000000000000019 /* help-content.json */,
				000000000000000000000020 /* vectors */,
				000000000000000000000703 /* Products */,
			);
			sourceTree = "<group>";
		};
		000000000000000000000701 /* ScaleBench */ = {
			isa = PBXGroup;
			children = (
				000000000000000000000001 /* ScaleBenchApp.swift */,
				000000000000000000000002 /* ContentView.swift */,
				000000000000000000000013 /* ScaleBenchMac.entitlements */,
				000000000000000000000014 /* Assets.xcassets */,
				000000000000000000000704 /* Analysis */,
				000000000000000000000705 /* Bluetooth */,
				000000000000000000000706 /* Models */,
				000000000000000000000707 /* Protocols */,
				000000000000000000000709 /* USB */,
				000000000000000000000708 /* Export */,
			);
			path = ScaleBench;
			sourceTree = "<group>";
		};
		000000000000000000000702 /* ScaleBenchTests */ = {
			isa = PBXGroup;
			children = (
				000000000000000000000009 /* ScaleBenchTests.swift */,
			);
			path = ScaleBenchTests;
			sourceTree = "<group>";
		};
		000000000000000000000703 /* Products */ = {
			isa = PBXGroup;
			children = (
				000000000000000000000010 /* ScaleBench.app */,
				000000000000000000000011 /* ScaleBenchTests.xctest */,
			);
			name = Products;
			sourceTree = "<group>";
		};
		000000000000000000000704 /* Analysis */ = {
			isa = PBXGroup;
			children = (
				000000000000000000000007 /* ScaleQualityAnalyzer.swift */,
			);
			path = Analysis;
			sourceTree = "<group>";
		};
		000000000000000000000705 /* Bluetooth */ = {
			isa = PBXGroup;
			children = (
				000000000000000000000003 /* BluetoothScaleManager.swift */,
			);
			path = Bluetooth;
			sourceTree = "<group>";
		};
		000000000000000000000706 /* Models */ = {
			isa = PBXGroup;
			children = (
				000000000000000000000004 /* ScaleProtocolModels.swift */,
				000000000000000000000015 /* ScoringProfileStore.swift */,
				000000000000000000000017 /* SampleRecordingFactory.swift */,
				000000000000000000000018 /* SharedHelpContent.swift */,
				000000000000000000000021 /* ChartAnalysis.swift */,
				000000000000000000000022 /* SharedRecordingPayload.swift */,
				000000000000000000000023 /* OfficialScorecardPayload.swift */,
				000000000000000000000024 /* OfficialAnalysisPayload.swift */,
			);
			path = Models;
			sourceTree = "<group>";
		};
		000000000000000000000707 /* Protocols */ = {
			isa = PBXGroup;
			children = (
				000000000000000000000005 /* BookooParser.swift */,
				000000000000000000000006 /* WeighMyBruParser.swift */,
				000000000000000000000012 /* AdditionalScaleParsers.swift */,
				000000000000000000000025 /* PacketFieldDecoder.swift */,
				000000000000000000000026 /* WMBPlusUSBSerialParser.swift */,
			);
			path = Protocols;
			sourceTree = "<group>";
		};
		000000000000000000000708 /* Export */ = {
			isa = PBXGroup;
			children = (
				000000000000000000000008 /* RecordingExporter.swift */,
				000000000000000000000016 /* ScoreCardExporter.swift */,
			);
			path = Export;
			sourceTree = "<group>";
		};
		000000000000000000000709 /* USB */ = {
			isa = PBXGroup;
			children = (
				000000000000000000000027 /* WMBPlusUSBSerialManager.swift */,
			);
			path = USB;
			sourceTree = "<group>";
		};
/* End PBXGroup section */

/* Begin PBXNativeTarget section */
		000000000000000000000501 /* ScaleBench */ = {
			isa = PBXNativeTarget;
			buildConfigurationList = 000000000000000000000901 /* Build configuration list for PBXNativeTarget "ScaleBench" */;
			buildPhases = (
				000000000000000000000801 /* Sources */,
				000000000000000000000601 /* Frameworks */,
				000000000000000000000802 /* Resources */,
				000000000000000000000805 /* Sanitize Bundle Xattrs */,
			);
			buildRules = (
			);
			dependencies = (
			);
			name = ScaleBench;
			productName = ScaleBench;
			productReference = 000000000000000000000010 /* ScaleBench.app */;
			productType = "com.apple.product-type.application";
		};
		000000000000000000000502 /* ScaleBenchTests */ = {
			isa = PBXNativeTarget;
			buildConfigurationList = 000000000000000000000902 /* Build configuration list for PBXNativeTarget "ScaleBenchTests" */;
			buildPhases = (
				000000000000000000000803 /* Sources */,
				000000000000000000000602 /* Frameworks */,
				000000000000000000000804 /* Resources */,
			);
			buildRules = (
			);
			dependencies = (
				000000000000000000000302 /* PBXTargetDependency */,
			);
			name = ScaleBenchTests;
			productName = ScaleBenchTests;
			productReference = 000000000000000000000011 /* ScaleBenchTests.xctest */;
			productType = "com.apple.product-type.bundle.unit-test";
		};
/* End PBXNativeTarget section */

/* Begin PBXProject section */
		000000000000000000000400 /* Project object */ = {
			isa = PBXProject;
			attributes = {
				BuildIndependentTargetsInParallel = 1;
				LastSwiftUpdateCheck = 2650;
				LastUpgradeCheck = 2650;
				TargetAttributes = {
					000000000000000000000501 = {
						CreatedOnToolsVersion = 26.5;
					};
					000000000000000000000502 = {
						CreatedOnToolsVersion = 26.5;
						TestTargetID = 000000000000000000000501;
					};
				};
			};
			buildConfigurationList = 000000000000000000000900 /* Build configuration list for PBXProject "ScaleBench" */;
			developmentRegion = en;
			hasScannedForEncodings = 0;
			knownRegions = (
				en,
				Base,
			);
			mainGroup = 000000000000000000000700;
			productRefGroup = 000000000000000000000703 /* Products */;
			projectDirPath = "";
			projectRoot = "";
			targets = (
				000000000000000000000501 /* ScaleBench */,
				000000000000000000000502 /* ScaleBenchTests */,
			);
		};
/* End PBXProject section */

/* Begin PBXResourcesBuildPhase section */
		000000000000000000000802 /* Resources */ = {
			isa = PBXResourcesBuildPhase;
			buildActionMask = 2147483647;
			files = (
				000000000000000000000111 /* Assets.xcassets in Resources */,
				000000000000000000000116 /* help-content.json in Resources */,
			);
			runOnlyForDeploymentPostprocessing = 0;
		};
		000000000000000000000804 /* Resources */ = {
			isa = PBXResourcesBuildPhase;
			buildActionMask = 2147483647;
			files = (
				000000000000000000000117 /* vectors in Resources */,
			);
			runOnlyForDeploymentPostprocessing = 0;
		};
/* End PBXResourcesBuildPhase section */

/* Begin PBXShellScriptBuildPhase section */
		000000000000000000000805 /* Sanitize Bundle Xattrs */ = {
			isa = PBXShellScriptBuildPhase;
			alwaysOutOfDate = 1;
			buildActionMask = 2147483647;
			files = (
			);
			inputPaths = (
			);
			name = "Sanitize Bundle Xattrs";
			outputPaths = (
			);
			runOnlyForDeploymentPostprocessing = 0;
			shellPath = /bin/sh;
			shellScript = "APP_PATH=\"${CODESIGNING_FOLDER_PATH:-}\"\nif [ -n \"$APP_PATH\" ] && [ -d \"$APP_PATH\" ]; then\n  /usr/bin/xattr -cr \"$APP_PATH\" 2>/dev/null || true\n  /usr/sbin/dot_clean -m \"$APP_PATH\" 2>/dev/null || true\n  for attr in com.apple.FinderInfo com.apple.ResourceFork 'com.apple.fileprovider.fpfs#P'; do\n    /usr/bin/xattr -d \"$attr\" \"$APP_PATH\" 2>/dev/null || true\n    /usr/bin/find \"$APP_PATH\" -depth -exec /usr/bin/xattr -d \"$attr\" {} \\; 2>/dev/null || true\n  done\nfi\n";
		};
/* End PBXShellScriptBuildPhase section */

/* Begin PBXSourcesBuildPhase section */
		000000000000000000000801 /* Sources */ = {
			isa = PBXSourcesBuildPhase;
			buildActionMask = 2147483647;
			files = (
				000000000000000000000101 /* ScaleBenchApp.swift in Sources */,
				000000000000000000000102 /* ContentView.swift in Sources */,
				000000000000000000000103 /* BluetoothScaleManager.swift in Sources */,
				000000000000000000000104 /* ScaleProtocolModels.swift in Sources */,
				000000000000000000000114 /* SampleRecordingFactory.swift in Sources */,
				000000000000000000000105 /* BookooParser.swift in Sources */,
				000000000000000000000106 /* WeighMyBruParser.swift in Sources */,
				000000000000000000000109 /* AdditionalScaleParsers.swift in Sources */,
				000000000000000000000107 /* ScaleQualityAnalyzer.swift in Sources */,
				000000000000000000000108 /* RecordingExporter.swift in Sources */,
				000000000000000000000112 /* ScoringProfileStore.swift in Sources */,
				000000000000000000000113 /* ScoreCardExporter.swift in Sources */,
				000000000000000000000115 /* SharedHelpContent.swift in Sources */,
				000000000000000000000118 /* ChartAnalysis.swift in Sources */,
				000000000000000000000119 /* SharedRecordingPayload.swift in Sources */,
				000000000000000000000120 /* OfficialScorecardPayload.swift in Sources */,
				000000000000000000000121 /* OfficialAnalysisPayload.swift in Sources */,
				000000000000000000000122 /* PacketFieldDecoder.swift in Sources */,
				000000000000000000000123 /* WMBPlusUSBSerialParser.swift in Sources */,
				000000000000000000000124 /* WMBPlusUSBSerialManager.swift in Sources */,
			);
			runOnlyForDeploymentPostprocessing = 0;
		};
		000000000000000000000803 /* Sources */ = {
			isa = PBXSourcesBuildPhase;
			buildActionMask = 2147483647;
			files = (
				000000000000000000000201 /* ScaleBenchTests.swift in Sources */,
			);
			runOnlyForDeploymentPostprocessing = 0;
		};
/* End PBXSourcesBuildPhase section */

/* Begin PBXTargetDependency section */
		000000000000000000000302 /* PBXTargetDependency */ = {
			isa = PBXTargetDependency;
			target = 000000000000000000000501 /* ScaleBench */;
			targetProxy = 000000000000000000000301 /* PBXContainerItemProxy */;
		};
/* End PBXTargetDependency section */

/* Begin XCBuildConfiguration section */
		000000000000000000001001 /* Debug */ = {
			isa = XCBuildConfiguration;
			buildSettings = {
				ALWAYS_SEARCH_USER_PATHS = NO;
				CLANG_ANALYZER_NONNULL = YES;
				CLANG_ANALYZER_NUMBER_OBJECT_CONVERSION = YES_AGGRESSIVE;
				CLANG_CXX_LANGUAGE_STANDARD = "gnu++20";
				CLANG_ENABLE_MODULES = YES;
				CLANG_ENABLE_OBJC_ARC = YES;
				CLANG_ENABLE_OBJC_WEAK = YES;
				CLANG_WARN_BLOCK_CAPTURE_AUTORELEASING = YES;
				CLANG_WARN_BOOL_CONVERSION = YES;
				CLANG_WARN_COMMA = YES;
				CLANG_WARN_CONSTANT_CONVERSION = YES;
				CLANG_WARN_DEPRECATED_OBJC_IMPLEMENTATIONS = YES;
				CLANG_WARN_DIRECT_OBJC_ISA_USAGE = YES_ERROR;
				CLANG_WARN_DOCUMENTATION_COMMENTS = YES;
				CLANG_WARN_EMPTY_BODY = YES;
				CLANG_WARN_ENUM_CONVERSION = YES;
				CLANG_WARN_INFINITE_RECURSION = YES;
				CLANG_WARN_INT_CONVERSION = YES;
				CLANG_WARN_NON_LITERAL_NULL_CONVERSION = YES;
				CLANG_WARN_OBJC_IMPLICIT_RETAIN_SELF = YES;
				CLANG_WARN_OBJC_LITERAL_CONVERSION = YES;
				CLANG_WARN_OBJC_ROOT_CLASS = YES_ERROR;
				CLANG_WARN_QUOTED_INCLUDE_IN_FRAMEWORK_HEADER = YES;
				CLANG_WARN_RANGE_LOOP_ANALYSIS = YES;
				CLANG_WARN_STRICT_PROTOTYPES = YES;
				CLANG_WARN_SUSPICIOUS_MOVE = YES;
				CLANG_WARN_UNGUARDED_AVAILABILITY = YES_AGGRESSIVE;
				CLANG_WARN_UNREACHABLE_CODE = YES;
				CLANG_WARN__DUPLICATE_METHOD_MATCH = YES;
				COPY_PHASE_STRIP = NO;
				DEBUG_INFORMATION_FORMAT = dwarf;
				ENABLE_STRICT_OBJC_MSGSEND = YES;
				ENABLE_TESTABILITY = YES;
				ENABLE_USER_SCRIPT_SANDBOXING = YES;
				GCC_C_LANGUAGE_STANDARD = gnu17;
				GCC_DYNAMIC_NO_PIC = NO;
				GCC_NO_COMMON_BLOCKS = YES;
				GCC_OPTIMIZATION_LEVEL = 0;
				GCC_PREPROCESSOR_DEFINITIONS = (
					"DEBUG=1",
					"$(inherited)",
				);
				GCC_WARN_64_TO_32_BIT_CONVERSION = YES;
				GCC_WARN_ABOUT_RETURN_TYPE = YES_ERROR;
				GCC_WARN_UNDECLARED_SELECTOR = YES;
				GCC_WARN_UNINITIALIZED_AUTOS = YES_AGGRESSIVE;
				GCC_WARN_UNUSED_FUNCTION = YES;
				GCC_WARN_UNUSED_VARIABLE = YES;
				IPHONEOS_DEPLOYMENT_TARGET = 17.0;
				LOCALIZATION_PREFERS_STRING_CATALOGS = YES;
				MTL_ENABLE_DEBUG_INFO = INCLUDE_SOURCE;
				MTL_FAST_MATH = YES;
				ONLY_ACTIVE_ARCH = YES;
				SDKROOT = iphoneos;
				SWIFT_ACTIVE_COMPILATION_CONDITIONS = DEBUG;
				SWIFT_OPTIMIZATION_LEVEL = "-Onone";
			};
			name = Debug;
		};
		000000000000000000001002 /* Release */ = {
			isa = XCBuildConfiguration;
			buildSettings = {
				ALWAYS_SEARCH_USER_PATHS = NO;
				CLANG_ANALYZER_NONNULL = YES;
				CLANG_ANALYZER_NUMBER_OBJECT_CONVERSION = YES_AGGRESSIVE;
				CLANG_CXX_LANGUAGE_STANDARD = "gnu++20";
				CLANG_ENABLE_MODULES = YES;
				CLANG_ENABLE_OBJC_ARC = YES;
				CLANG_ENABLE_OBJC_WEAK = YES;
				CLANG_WARN_BLOCK_CAPTURE_AUTORELEASING = YES;
				CLANG_WARN_BOOL_CONVERSION = YES;
				CLANG_WARN_COMMA = YES;
				CLANG_WARN_CONSTANT_CONVERSION = YES;
				CLANG_WARN_DEPRECATED_OBJC_IMPLEMENTATIONS = YES;
				CLANG_WARN_DIRECT_OBJC_ISA_USAGE = YES_ERROR;
				CLANG_WARN_DOCUMENTATION_COMMENTS = YES;
				CLANG_WARN_EMPTY_BODY = YES;
				CLANG_WARN_ENUM_CONVERSION = YES;
				CLANG_WARN_INFINITE_RECURSION = YES;
				CLANG_WARN_INT_CONVERSION = YES;
				CLANG_WARN_NON_LITERAL_NULL_CONVERSION = YES;
				CLANG_WARN_OBJC_IMPLICIT_RETAIN_SELF = YES;
				CLANG_WARN_OBJC_LITERAL_CONVERSION = YES;
				CLANG_WARN_OBJC_ROOT_CLASS = YES_ERROR;
				CLANG_WARN_QUOTED_INCLUDE_IN_FRAMEWORK_HEADER = YES;
				CLANG_WARN_RANGE_LOOP_ANALYSIS = YES;
				CLANG_WARN_STRICT_PROTOTYPES = YES;
				CLANG_WARN_SUSPICIOUS_MOVE = YES;
				CLANG_WARN_UNGUARDED_AVAILABILITY = YES_AGGRESSIVE;
				CLANG_WARN_UNREACHABLE_CODE = YES;
				CLANG_WARN__DUPLICATE_METHOD_MATCH = YES;
				COPY_PHASE_STRIP = NO;
				DEBUG_INFORMATION_FORMAT = "dwarf-with-dsym";
				ENABLE_NS_ASSERTIONS = NO;
				ENABLE_STRICT_OBJC_MSGSEND = YES;
				ENABLE_USER_SCRIPT_SANDBOXING = YES;
				GCC_C_LANGUAGE_STANDARD = gnu17;
				GCC_NO_COMMON_BLOCKS = YES;
				GCC_WARN_64_TO_32_BIT_CONVERSION = YES;
				GCC_WARN_ABOUT_RETURN_TYPE = YES_ERROR;
				GCC_WARN_UNDECLARED_SELECTOR = YES;
				GCC_WARN_UNINITIALIZED_AUTOS = YES_AGGRESSIVE;
				GCC_WARN_UNUSED_FUNCTION = YES;
				GCC_WARN_UNUSED_VARIABLE = YES;
				IPHONEOS_DEPLOYMENT_TARGET = 17.0;
				LOCALIZATION_PREFERS_STRING_CATALOGS = YES;
				MTL_ENABLE_DEBUG_INFO = NO;
				MTL_FAST_MATH = YES;
				SDKROOT = iphoneos;
				SWIFT_COMPILATION_MODE = wholemodule;
				VALIDATE_PRODUCT = YES;
			};
			name = Release;
		};
		000000000000000000001101 /* Debug */ = {
			isa = XCBuildConfiguration;
			buildSettings = {
				ASSETCATALOG_COMPILER_GLOBAL_ACCENT_COLOR_NAME = AccentColor;
				ASSETCATALOG_COMPILER_APPICON_NAME = AppIcon;
				CODE_SIGN_STYLE = Automatic;
				"CODE_SIGN_ENTITLEMENTS[sdk=macosx*]" = ScaleBench/ScaleBenchMac.entitlements;
				CURRENT_PROJECT_VERSION = 14;
				DEVELOPMENT_TEAM = 2ZSUF9HGBF;
				GENERATE_INFOPLIST_FILE = YES;
				INFOPLIST_KEY_CFBundleDisplayName = ScaleBench;
				INFOPLIST_KEY_NSBluetoothAlwaysUsageDescription = "ScaleBench records Bluetooth scale packets for scale-quality analysis.";
				INFOPLIST_KEY_NSBluetoothPeripheralUsageDescription = "ScaleBench records Bluetooth scale packets for scale-quality analysis.";
				INFOPLIST_KEY_UIApplicationSceneManifest_Generation = YES;
				INFOPLIST_KEY_UIApplicationSupportsIndirectInputEvents = YES;
				INFOPLIST_KEY_UILaunchScreen_Generation = YES;
				INFOPLIST_KEY_UISupportedInterfaceOrientations = "UIInterfaceOrientationPortrait UIInterfaceOrientationPortraitUpsideDown UIInterfaceOrientationLandscapeLeft UIInterfaceOrientationLandscapeRight";
				IPHONEOS_DEPLOYMENT_TARGET = 17.0;
				LD_RUNPATH_SEARCH_PATHS = (
					"$(inherited)",
					"@executable_path/Frameworks",
				);
				MARKETING_VERSION = 1.1.1;
				PRODUCT_BUNDLE_IDENTIFIER = app.scalebench.ScaleBench;
				PRODUCT_NAME = "$(TARGET_NAME)";
				SUPPORTED_PLATFORMS = "iphoneos iphonesimulator macosx";
				SUPPORTS_MACCATALYST = YES;
				SWIFT_EMIT_LOC_STRINGS = YES;
				SWIFT_VERSION = 5.0;
				TARGETED_DEVICE_FAMILY = "1,2";
			};
			name = Debug;
		};
		000000000000000000001102 /* Release */ = {
			isa = XCBuildConfiguration;
			buildSettings = {
				ASSETCATALOG_COMPILER_GLOBAL_ACCENT_COLOR_NAME = AccentColor;
				ASSETCATALOG_COMPILER_APPICON_NAME = AppIcon;
				CODE_SIGN_STYLE = Automatic;
				"CODE_SIGN_ENTITLEMENTS[sdk=macosx*]" = ScaleBench/ScaleBenchMac.entitlements;
				CURRENT_PROJECT_VERSION = 14;
				DEVELOPMENT_TEAM = 2ZSUF9HGBF;
				GENERATE_INFOPLIST_FILE = YES;
				INFOPLIST_KEY_CFBundleDisplayName = ScaleBench;
				INFOPLIST_KEY_NSBluetoothAlwaysUsageDescription = "ScaleBench records Bluetooth scale packets for scale-quality analysis.";
				INFOPLIST_KEY_NSBluetoothPeripheralUsageDescription = "ScaleBench records Bluetooth scale packets for scale-quality analysis.";
				INFOPLIST_KEY_UIApplicationSceneManifest_Generation = YES;
				INFOPLIST_KEY_UIApplicationSupportsIndirectInputEvents = YES;
				INFOPLIST_KEY_UILaunchScreen_Generation = YES;
				INFOPLIST_KEY_UISupportedInterfaceOrientations = "UIInterfaceOrientationPortrait UIInterfaceOrientationPortraitUpsideDown UIInterfaceOrientationLandscapeLeft UIInterfaceOrientationLandscapeRight";
				IPHONEOS_DEPLOYMENT_TARGET = 17.0;
				LD_RUNPATH_SEARCH_PATHS = (
					"$(inherited)",
					"@executable_path/Frameworks",
				);
				MARKETING_VERSION = 1.1.1;
				PRODUCT_BUNDLE_IDENTIFIER = app.scalebench.ScaleBench;
				PRODUCT_NAME = "$(TARGET_NAME)";
				SUPPORTED_PLATFORMS = "iphoneos iphonesimulator macosx";
				SUPPORTS_MACCATALYST = YES;
				SWIFT_EMIT_LOC_STRINGS = YES;
				SWIFT_VERSION = 5.0;
				TARGETED_DEVICE_FAMILY = "1,2";
			};
			name = Release;
		};
		000000000000000000001201 /* Debug */ = {
			isa = XCBuildConfiguration;
			buildSettings = {
				BUNDLE_LOADER = "$(TEST_HOST)";
				CODE_SIGN_STYLE = Automatic;
				CURRENT_PROJECT_VERSION = 14;
				DEVELOPMENT_TEAM = "";
				GENERATE_INFOPLIST_FILE = YES;
				IPHONEOS_DEPLOYMENT_TARGET = 17.0;
				LD_RUNPATH_SEARCH_PATHS = (
					"$(inherited)",
					"@executable_path/Frameworks",
					"@loader_path/Frameworks",
				);
				MARKETING_VERSION = 1.1.1;
				PRODUCT_BUNDLE_IDENTIFIER = app.scalebench.ScaleBenchTests;
				PRODUCT_NAME = "$(TARGET_NAME)";
				SWIFT_VERSION = 5.0;
				TARGETED_DEVICE_FAMILY = "1,2";
				TEST_HOST = "$(BUILT_PRODUCTS_DIR)/ScaleBench.app/$(BUNDLE_EXECUTABLE_FOLDER_PATH)/ScaleBench";
			};
			name = Debug;
		};
		000000000000000000001202 /* Release */ = {
			isa = XCBuildConfiguration;
			buildSettings = {
				BUNDLE_LOADER = "$(TEST_HOST)";
				CODE_SIGN_STYLE = Automatic;
				CURRENT_PROJECT_VERSION = 14;
				DEVELOPMENT_TEAM = "";
				GENERATE_INFOPLIST_FILE = YES;
				IPHONEOS_DEPLOYMENT_TARGET = 17.0;
				LD_RUNPATH_SEARCH_PATHS = (
					"$(inherited)",
					"@executable_path/Frameworks",
					"@loader_path/Frameworks",
				);
				MARKETING_VERSION = 1.1.1;
				PRODUCT_BUNDLE_IDENTIFIER = app.scalebench.ScaleBenchTests;
				PRODUCT_NAME = "$(TARGET_NAME)";
				SWIFT_VERSION = 5.0;
				TARGETED_DEVICE_FAMILY = "1,2";
				TEST_HOST = "$(BUILT_PRODUCTS_DIR)/ScaleBench.app/$(BUNDLE_EXECUTABLE_FOLDER_PATH)/ScaleBench";
			};
			name = Release;
		};
/* End XCBuildConfiguration section */

/* Begin XCConfigurationList section */
		000000000000000000000900 /* Build configuration list for PBXProject "ScaleBench" */ = {
			isa = XCConfigurationList;
			buildConfigurations = (
				000000000000000000001001 /* Debug */,
				000000000000000000001002 /* Release */,
			);
			defaultConfigurationIsVisible = 0;
			defaultConfigurationName = Release;
		};
		000000000000000000000901 /* Build configuration list for PBXNativeTarget "ScaleBench" */ = {
			isa = XCConfigurationList;
			buildConfigurations = (
				000000000000000000001101 /* Debug */,
				000000000000000000001102 /* Release */,
			);
			defaultConfigurationIsVisible = 0;
			defaultConfigurationName = Release;
		};
		000000000000000000000902 /* Build configuration list for PBXNativeTarget "ScaleBenchTests" */ = {
			isa = XCConfigurationList;
			buildConfigurations = (
				000000000000000000001201 /* Debug */,
				000000000000000000001202 /* Release */,
			);
			defaultConfigurationIsVisible = 0;
			defaultConfigurationName = Release;
		};
/* End XCConfigurationList section */
	};
	rootObject = 000000000000000000000400 /* Project object */;
}
